
Microsoft Visual Studio Solution File, Format Version 12.00
# Visual Studio Version 16
VisualStudioVersion = 16.0.34601.136
MinimumVisualStudioVersion = 10.0.40219.1
Project("{FAE04EC0-301F-11D3-BF4B-00C04F79EFBC}") = "LoginDemo", "LoginDemo\LoginDemo.csproj", "{1F00696C-D55B-42F6-A764-DCE1F1FF8877}"
EndProject
Global
	GlobalSection(SolutionConfigurationPlatforms) = preSolution
		Debug|Any CPU = Debug|Any CPU
		Release|Any CPU = Release|Any CPU
	EndGlobalSection
	GlobalSection(ProjectConfigurationPlatforms) = postSolution
		{1F00696C-D55B-42F6-A764-DCE1F1FF8877}.Debug|Any CPU.ActiveCfg = Debug|Any CPU
		{1F00696C-D55B-42F6-A764-DCE1F1FF8877}.Debug|Any CPU.Build.0 = Debug|Any CPU
		{1F00696C-D55B-42F6-A764-DCE1F1FF8877}.Release|Any CPU.ActiveCfg = Release|Any CPU
		{1F00696C-D55B-42F6-A764-DCE1F1FF8877}.Release|Any CPU.Build.0 = Release|Any CPU
	EndGlobalSection
	GlobalSection(SolutionProperties) = preSolution
		HideSolutionNode = FALSE
	EndGlobalSection
	GlobalSection(ExtensibilityGlobals) = postSolution
		SolutionGuid = {19544B47-75F0-42F9-B396-1E287C471EF8}
	EndGlobalSection
EndGlobal
